
Microsoft Visual Studio Solution File, Format Version 12.00
# Visual Studio Version 17
VisualStudioVersion = 17.0.32126.317
MinimumVisualStudioVersion = 10.0.40219.1
Project("{FAE04EC0-301F-11D3-BF4B-00C04F79EFBC}") = "Project", "Project\Project.csproj", "{6F5CF2EE-DC5B-4AC7-8632-DB5D07D1D2CC}"
EndProject
Global
	GlobalSection(SolutionConfigurationPlatforms) = preSolution
		Debug|Any CPU = Debug|Any CPU
		Release|Any CPU = Release|Any CPU
	EndGlobalSection
	GlobalSection(ProjectConfigurationPlatforms) = postSolution
		{6F5CF2EE-DC5B-4AC7-8632-DB5D07D1D2CC}.Debug|Any CPU.ActiveCfg = Debug|Any CPU
		{6F5CF2EE-DC5B-4AC7-8632-DB5D07D1D2CC}.Debug|Any CPU.Build.0 = Debug|Any CPU
		{6F5CF2EE-DC5B-4AC7-8632-DB5D07D1D2CC}.Release|Any CPU.ActiveCfg = Release|Any CPU
		{6F5CF2EE-DC5B-4AC7-8632-DB5D07D1D2CC}.Release|Any CPU.Build.0 = Release|Any CPU
	EndGlobalSection
	GlobalSection(SolutionProperties) = preSolution
		HideSolutionNode = FALSE
	EndGlobalSection
	GlobalSection(ExtensibilityGlobals) = postSolution
		SolutionGuid = {B1182F04-7E23-4B44-BFF4-B7EDC5546A3B}
	EndGlobalSection
EndGlobal
